
Microsoft Visual Studio Solution File, Format Version 12.00
# Visual Studio 15
VisualStudioVersion = 15.0.28307.1231
MinimumVisualStudioVersion = 10.0.40219.1
Project("{8BC9CEB8-8B4A-11D0-8D11-00A0C91BC942}") = "三子棋", "三子棋\三子棋.vcxproj", "{868ADADB-42C2-413C-939D-ED3F6E648BC1}"
EndProject
Global
	GlobalSection(SolutionConfigurationPlatforms) = preSolution
		Debug|x64 = Debug|x64
		Debug|x86 = Debug|x86
		Release|x64 = Release|x64
		Release|x86 = Release|x86
	EndGlobalSection
	GlobalSection(ProjectConfigurationPlatforms) = postSolution
		{868ADADB-42C2-413C-939D-ED3F6E648BC1}.Debug|x64.ActiveCfg = Debug|x64
		{868ADADB-42C2-413C-939D-ED3F6E648BC1}.Debug|x64.Build.0 = Debug|x64
		{868ADADB-42C2-413C-939D-ED3F6E648BC1}.Debug|x86.ActiveCfg = Debug|Win32
		{868ADADB-42C2-413C-939D-ED3F6E648BC1}.Debug|x86.Build.0 = Debug|Win32
		{868ADADB-42C2-413C-939D-ED3F6E648BC1}.Release|x64.ActiveCfg = Release|x64
		{868ADADB-42C2-413C-939D-ED3F6E648BC1}.Release|x64.Build.0 = Release|x64
		{868ADADB-42C2-413C-939D-ED3F6E648BC1}.Release|x86.ActiveCfg = Release|Win32
		{868ADADB-42C2-413C-939D-ED3F6E648BC1}.Release|x86.Build.0 = Release|Win32
	EndGlobalSection
	GlobalSection(SolutionProperties) = preSolution
		HideSolutionNode = FALSE
	EndGlobalSection
	GlobalSection(ExtensibilityGlobals) = postSolution
		SolutionGuid = {9EEF2736-955A-46A5-BE84-24D5DDE5A815}
	EndGlobalSection
EndGlobal
